
Microsoft Visual Studio Solution File, Format Version 12.00
# Visual Studio Version 17
VisualStudioVersion = 17.14.36908.2
MinimumVisualStudioVersion = 10.0.40219.1
Project("{8BC9CEB8-8B4A-11D0-8D11-00A0C91BC942}") = "BinarySearch", "BinarySearch\BinarySearch.vcxproj", "{EAC6B23F-F449-4F26-8042-BB77928F53FB}"
EndProject
Project("{8BC9CEB8-8B4A-11D0-8D11-00A0C91BC942}") = "Random", "Random\Random.vcxproj", "{A7E6B96B-FA3B-436F-A061-3F75F13B365E}"
EndProject
Project("{8BC9CEB8-8B4A-11D0-8D11-00A0C91BC942}") = "BubbleSort", "BubbleSort\BubbleSort.vcxproj", "{659621E4-DCA3-4578-8044-23FF5B128A63}"
EndProject
Project("{8BC9CEB8-8B4A-11D0-8D11-00A0C91BC942}") = "SelectionSort", "SelectionSort\SelectionSort.vcxproj", "{41BE0E0D-FCA3-48BD-B857-1A05C3C34503}"
EndProject
Project("{8BC9CEB8-8B4A-11D0-8D11-00A0C91BC942}") = "InsertionSort", "InsertionSort\InsertionSort.vcxproj", "{2171F106-3CDA-491F-B8C8-64D21A7B6DAA}"
EndProject
Project("{8BC9CEB8-8B4A-11D0-8D11-00A0C91BC942}") = "QuickSort", "QuickSort\QuickSort.vcxproj", "{3E96BC54-7DD7-45B3-9C47-E9F183D2C4FD}"
EndProject
Project("{8BC9CEB8-8B4A-11D0-8D11-00A0C91BC942}") = "MergeSort", "MergeSort\MergeSort.vcxproj", "{0BDED475-D146-4839-90E9-49ED5BCD2CD9}"
EndProject
Project("{8BC9CEB8-8B4A-11D0-8D11-00A0C91BC942}") = "HeapSort", "HeapSort\HeapSort.vcxproj", "{3DA4D505-06A9-48BE-836C-6A90C5D7BCD1}"
EndProject
Project("{8BC9CEB8-8B4A-11D0-8D11-00A0C91BC942}") = "AStarPathFinding", "AStarPathFinding\AStarPathFinding.vcxproj", "{C4EF5C1C-BC50-4037-BB26-83077941D049}"
EndProject
Global
	GlobalSection(SolutionConfigurationPlatforms) = preSolution
		Debug|x64 = Debug|x64
		Release|x64 = Release|x64
	EndGlobalSection
	GlobalSection(ProjectConfigurationPlatforms) = postSolution
		{EAC6B23F-F449-4F26-8042-BB77928F53FB}.Debug|x64.ActiveCfg = Debug|x64
		{EAC6B23F-F449-4F26-8042-BB77928F53FB}.Debug|x64.Build.0 = Debug|x64
		{EAC6B23F-F449-4F26-8042-BB77928F53FB}.Release|x64.ActiveCfg = Release|x64
		{EAC6B23F-F449-4F26-8042-BB77928F53FB}.Release|x64.Build.0 = Release|x64
		{A7E6B96B-FA3B-436F-A061-3F75F13B365E}.Debug|x64.ActiveCfg = Debug|x64
		{A7E6B96B-FA3B-436F-A061-3F75F13B365E}.Debug|x64.Build.0 = Debug|x64
		{A7E6B96B-FA3B-436F-A061-3F75F13B365E}.Release|x64.ActiveCfg = Release|x64
		{A7E6B96B-FA3B-436F-A061-3F75F13B365E}.Release|x64.Build.0 = Release|x64
		{659621E4-DCA3-4578-8044-23FF5B128A63}.Debug|x64.ActiveCfg = Debug|x64
		{659621E4-DCA3-4578-8044-23FF5B128A63}.Debug|x64.Build.0 = Debug|x64
		{659621E4-DCA3-4578-8044-23FF5B128A63}.Release|x64.ActiveCfg = Release|x64
		{659621E4-DCA3-4578-8044-23FF5B128A63}.Release|x64.Build.0 = Release|x64
		{41BE0E0D-FCA3-48BD-B857-1A05C3C34503}.Debug|x64.ActiveCfg = Debug|x64
		{41BE0E0D-FCA3-48BD-B857-1A05C3C34503}.Debug|x64.Build.0 = Debug|x64
		{41BE0E0D-FCA3-48BD-B857-1A05C3C34503}.Release|x64.ActiveCfg = Release|x64
		{41BE0E0D-FCA3-48BD-B857-1A05C3C34503}.Release|x64.Build.0 = Release|x64
		{2171F106-3CDA-491F-B8C8-64D21A7B6DAA}.Debug|x64.ActiveCfg = Debug|x64
		{2171F106-3CDA-491F-B8C8-64D21A7B6DAA}.Debug|x64.Build.0 = Debug|x64
		{2171F106-3CDA-491F-B8C8-64D21A7B6DAA}.Release|x64.ActiveCfg = Release|x64
		{2171F106-3CDA-491F-B8C8-64D21A7B6DAA}.Release|x64.Build.0 = Release|x64
		{3E96BC54-7DD7-45B3-9C47-E9F183D2C4FD}.Debug|x64.ActiveCfg = Debug|x64
		{3E96BC54-7DD7-45B3-9C47-E9F183D2C4FD}.Debug|x64.Build.0 = Debug|x64
		{3E96BC54-7DD7-45B3-9C47-E9F183D2C4FD}.Release|x64.ActiveCfg = Release|x64
		{3E96BC54-7DD7-45B3-9C47-E9F183D2C4FD}.Release|x64.Build.0 = Release|x64
		{0BDED475-D146-4839-90E9-49ED5BCD2CD9}.Debug|x64.ActiveCfg = Debug|x64
		{0BDED475-D146-4839-90E9-49ED5BCD2CD9}.Debug|x64.Build.0 = Debug|x64
		{0BDED475-D146-4839-90E9-49ED5BCD2CD9}.Release|x64.ActiveCfg = Release|x64
		{0BDED475-D146-4839-90E9-49ED5BCD2CD9}.Release|x64.Build.0 = Release|x64
		{3DA4D505-06A9-48BE-836C-6A90C5D7BCD1}.Debug|x64.ActiveCfg = Debug|x64
		{3DA4D505-06A9-48BE-836C-6A90C5D7BCD1}.Debug|x64.Build.0 = Debug|x64
		{3DA4D505-06A9-48BE-836C-6A90C5D7BCD1}.Release|x64.ActiveCfg = Release|x64
		{3DA4D505-06A9-48BE-836C-6A90C5D7BCD1}.Release|x64.Build.0 = Release|x64
		{C4EF5C1C-BC50-4037-BB26-83077941D049}.Debug|x64.ActiveCfg = Debug|x64
		{C4EF5C1C-BC50-4037-BB26-83077941D049}.Debug|x64.Build.0 = Debug|x64
		{C4EF5C1C-BC50-4037-BB26-83077941D049}.Release|x64.ActiveCfg = Release|x64
		{C4EF5C1C-BC50-4037-BB26-83077941D049}.Release|x64.Build.0 = Release|x64
	EndGlobalSection
	GlobalSection(SolutionProperties) = preSolution
		HideSolutionNode = FALSE
	EndGlobalSection
	GlobalSection(ExtensibilityGlobals) = postSolution
		SolutionGuid = {94CE3BA7-D499-4B50-964E-B05E5E607010}
	EndGlobalSection
EndGlobal
